
Microsoft Visual Studio Solution File, Format Version 12.00
# Visual Studio 15
VisualStudioVersion = 15.0.27703.2042
MinimumVisualStudioVersion = 10.0.40219.1
Project("{FAE04EC0-301F-11D3-BF4B-00C04F79EFBC}") = "Pizzaria.Apresentacao", "Pizzaria.Apresentacao\Pizzaria.Apresentacao.csproj", "{CF7D4CAA-EBF9-4C07-AA9B-89117A929092}"
EndProject
Project("{2150E333-8FDC-42A3-9474-1A3956D46DE8}") = "1.Apresentacao", "1.Apresentacao", "{8BFA11A8-144D-48D1-B777-C9B06D04E573}"
EndProject
Project("{2150E333-8FDC-42A3-9474-1A3956D46DE8}") = "2.Aplicacao", "2.Aplicacao", "{28B91CA5-EA09-49F6-BE68-11295354EDCB}"
EndProject
Project("{2150E333-8FDC-42A3-9474-1A3956D46DE8}") = "3.Dominio", "3.Dominio", "{B5F4A213-BD01-435D-A020-53732215071D}"
EndProject
Project("{2150E333-8FDC-42A3-9474-1A3956D46DE8}") = "4.Infra", "4.Infra", "{0852F054-DE8B-481D-816A-E764941C6E65}"
EndProject
Project("{2150E333-8FDC-42A3-9474-1A3956D46DE8}") = "5.Testes", "5.Testes", "{DB224D36-002C-4E67-AE38-8F67BBE02569}"
EndProject
Project("{FAE04EC0-301F-11D3-BF4B-00C04F79EFBC}") = "Pizzaria.Aplicacao", "Pizzaria.Aplicacao\Pizzaria.Aplicacao.csproj", "{0701D92F-D5A2-4152-9E1E-01FBB970FBBB}"
EndProject
Project("{FAE04EC0-301F-11D3-BF4B-00C04F79EFBC}") = "Pizzaria.Dominio", "Pizzaria.Dominio\Pizzaria.Dominio.csproj", "{6A586077-79F2-43B0-AF3C-BAD668207A22}"
EndProject
Project("{FAE04EC0-301F-11D3-BF4B-00C04F79EFBC}") = "Pizzaria.Infra", "Pizzaria.Infra\Pizzaria.Infra.csproj", "{FBD50727-E912-405C-BB0A-FBC50E9504B9}"
EndProject
Project("{FAE04EC0-301F-11D3-BF4B-00C04F79EFBC}") = "Pizzaria.Infra.Dados", "Pizzaria.Infra.Dados\Pizzaria.Infra.Dados.csproj", "{7FF98686-F7BB-4ABF-A49E-A85710D310E1}"
EndProject
Project("{FAE04EC0-301F-11D3-BF4B-00C04F79EFBC}") = "Pizzaria.Aplicacao.Testes", "Pizzaria.Aplicacao.Testes\Pizzaria.Aplicacao.Testes.csproj", "{4A24FF16-1D37-4390-8C99-2108615CE677}"
EndProject
Project("{FAE04EC0-301F-11D3-BF4B-00C04F79EFBC}") = "Pìzzaria.Dominio.Testes", "Pìzzaria.Dominio.Testes\Pìzzaria.Dominio.Testes.csproj", "{6F2461E4-9676-45BD-8DCC-91E3687889C2}"
EndProject
Project("{FAE04EC0-301F-11D3-BF4B-00C04F79EFBC}") = "Pizzaria.Infra.Teste", "Pizzaria.Infra.Teste\Pizzaria.Infra.Teste.csproj", "{A2282DB2-A777-46F1-97C0-96DA64D1A943}"
EndProject
Project("{FAE04EC0-301F-11D3-BF4B-00C04F79EFBC}") = "Pizzaria.Infra.Dados.Testes", "Pizzaria.Infra.Dados.Testes\Pizzaria.Infra.Dados.Testes.csproj", "{B90CBAF0-D171-4582-9B5B-0E427283A509}"
EndProject
Project("{FAE04EC0-301F-11D3-BF4B-00C04F79EFBC}") = "Pizzaria.Comum.Testes", "Pizzaria.Comum.Testes\Pizzaria.Comum.Testes.csproj", "{0577F6E2-CAA6-47F2-A781-A5D1FF47D02D}"
EndProject
Global
	GlobalSection(SolutionConfigurationPlatforms) = preSolution
		Debug|Any CPU = Debug|Any CPU
		Release|Any CPU = Release|Any CPU
	EndGlobalSection
	GlobalSection(ProjectConfigurationPlatforms) = postSolution
		{CF7D4CAA-EBF9-4C07-AA9B-89117A929092}.Debug|Any CPU.ActiveCfg = Debug|Any CPU
		{CF7D4CAA-EBF9-4C07-AA9B-89117A929092}.Debug|Any CPU.Build.0 = Debug|Any CPU
		{CF7D4CAA-EBF9-4C07-AA9B-89117A929092}.Release|Any CPU.ActiveCfg = Release|Any CPU
		{CF7D4CAA-EBF9-4C07-AA9B-89117A929092}.Release|Any CPU.Build.0 = Release|Any CPU
		{0701D92F-D5A2-4152-9E1E-01FBB970FBBB}.Debug|Any CPU.ActiveCfg = Debug|Any CPU
		{0701D92F-D5A2-4152-9E1E-01FBB970FBBB}.Debug|Any CPU.Build.0 = Debug|Any CPU
		{0701D92F-D5A2-4152-9E1E-01FBB970FBBB}.Release|Any CPU.ActiveCfg = Release|Any CPU
		{0701D92F-D5A2-4152-9E1E-01FBB970FBBB}.Release|Any CPU.Build.0 = Release|Any CPU
		{6A586077-79F2-43B0-AF3C-BAD668207A22}.Debug|Any CPU.ActiveCfg = Debug|Any CPU
		{6A586077-79F2-43B0-AF3C-BAD668207A22}.Debug|Any CPU.Build.0 = Debug|Any CPU
		{6A586077-79F2-43B0-AF3C-BAD668207A22}.Release|Any CPU.ActiveCfg = Release|Any CPU
		{6A586077-79F2-43B0-AF3C-BAD668207A22}.Release|Any CPU.Build.0 = Release|Any CPU
		{FBD50727-E912-405C-BB0A-FBC50E9504B9}.Debug|Any CPU.ActiveCfg = Debug|Any CPU
		{FBD50727-E912-405C-BB0A-FBC50E9504B9}.Debug|Any CPU.Build.0 = Debug|Any CPU
		{FBD50727-E912-405C-BB0A-FBC50E9504B9}.Release|Any CPU.ActiveCfg = Release|Any CPU
		{FBD50727-E912-405C-BB0A-FBC50E9504B9}.Release|Any CPU.Build.0 = Release|Any CPU
		{7FF98686-F7BB-4ABF-A49E-A85710D310E1}.Debug|Any CPU.ActiveCfg = Debug|Any CPU
		{7FF98686-F7BB-4ABF-A49E-A85710D310E1}.Debug|Any CPU.Build.0 = Debug|Any CPU
		{7FF98686-F7BB-4ABF-A49E-A85710D310E1}.Release|Any CPU.ActiveCfg = Release|Any CPU
		{7FF98686-F7BB-4ABF-A49E-A85710D310E1}.Release|Any CPU.Build.0 = Release|Any CPU
		{4A24FF16-1D37-4390-8C99-2108615CE677}.Debug|Any CPU.ActiveCfg = Debug|Any CPU
		{4A24FF16-1D37-4390-8C99-2108615CE677}.Debug|Any CPU.Build.0 = Debug|Any CPU
		{4A24FF16-1D37-4390-8C99-2108615CE677}.Release|Any CPU.ActiveCfg = Release|Any CPU
		{4A24FF16-1D37-4390-8C99-2108615CE677}.Release|Any CPU.Build.0 = Release|Any CPU
		{6F2461E4-9676-45BD-8DCC-91E3687889C2}.Debug|Any CPU.ActiveCfg = Debug|Any CPU
		{6F2461E4-9676-45BD-8DCC-91E3687889C2}.Debug|Any CPU.Build.0 = Debug|Any CPU
		{6F2461E4-9676-45BD-8DCC-91E3687889C2}.Release|Any CPU.ActiveCfg = Release|Any CPU
		{6F2461E4-9676-45BD-8DCC-91E3687889C2}.Release|Any CPU.Build.0 = Release|Any CPU
		{A2282DB2-A777-46F1-97C0-96DA64D1A943}.Debug|Any CPU.ActiveCfg = Debug|Any CPU
		{A2282DB2-A777-46F1-97C0-96DA64D1A943}.Debug|Any CPU.Build.0 = Debug|Any CPU
		{A2282DB2-A777-46F1-97C0-96DA64D1A943}.Release|Any CPU.ActiveCfg = Release|Any CPU
		{A2282DB2-A777-46F1-97C0-96DA64D1A943}.Release|Any CPU.Build.0 = Release|Any CPU
		{B90CBAF0-D171-4582-9B5B-0E427283A509}.Debug|Any CPU.ActiveCfg = Debug|Any CPU
		{B90CBAF0-D171-4582-9B5B-0E427283A509}.Debug|Any CPU.Build.0 = Debug|Any CPU
		{B90CBAF0-D171-4582-9B5B-0E427283A509}.Release|Any CPU.ActiveCfg = Release|Any CPU
		{B90CBAF0-D171-4582-9B5B-0E427283A509}.Release|Any CPU.Build.0 = Release|Any CPU
		{0577F6E2-CAA6-47F2-A781-A5D1FF47D02D}.Debug|Any CPU.ActiveCfg = Debug|Any CPU
		{0577F6E2-CAA6-47F2-A781-A5D1FF47D02D}.Debug|Any CPU.Build.0 = Debug|Any CPU
		{0577F6E2-CAA6-47F2-A781-A5D1FF47D02D}.Release|Any CPU.ActiveCfg = Release|Any CPU
		{0577F6E2-CAA6-47F2-A781-A5D1FF47D02D}.Release|Any CPU.Build.0 = Release|Any CPU
	EndGlobalSection
	GlobalSection(SolutionProperties) = preSolution
		HideSolutionNode = FALSE
	EndGlobalSection
	GlobalSection(NestedProjects) = preSolution
		{CF7D4CAA-EBF9-4C07-AA9B-89117A929092} = {8BFA11A8-144D-48D1-B777-C9B06D04E573}
		{0701D92F-D5A2-4152-9E1E-01FBB970FBBB} = {28B91CA5-EA09-49F6-BE68-11295354EDCB}
		{6A586077-79F2-43B0-AF3C-BAD668207A22} = {B5F4A213-BD01-435D-A020-53732215071D}
		{FBD50727-E912-405C-BB0A-FBC50E9504B9} = {0852F054-DE8B-481D-816A-E764941C6E65}
		{7FF98686-F7BB-4ABF-A49E-A85710D310E1} = {0852F054-DE8B-481D-816A-E764941C6E65}
		{4A24FF16-1D37-4390-8C99-2108615CE677} = {DB224D36-002C-4E67-AE38-8F67BBE02569}
		{6F2461E4-9676-45BD-8DCC-91E3687889C2} = {DB224D36-002C-4E67-AE38-8F67BBE02569}
		{A2282DB2-A777-46F1-97C0-96DA64D1A943} = {DB224D36-002C-4E67-AE38-8F67BBE02569}
		{B90CBAF0-D171-4582-9B5B-0E427283A509} = {DB224D36-002C-4E67-AE38-8F67BBE02569}
		{0577F6E2-CAA6-47F2-A781-A5D1FF47D02D} = {DB224D36-002C-4E67-AE38-8F67BBE02569}
	EndGlobalSection
	GlobalSection(ExtensibilityGlobals) = postSolution
		SolutionGuid = {730293C2-A725-47C1-AED8-452FB23A1B92}
	EndGlobalSection
EndGlobal
